
Microsoft Visual Studio Solution File, Format Version 12.00
# Visual Studio Version 16
VisualStudioVersion = 16.0.32929.386
MinimumVisualStudioVersion = 10.0.40219.1
Project("{FAE04EC0-301F-11D3-BF4B-00C04F79EFBC}") = "Lab 15", "Lab 15\Lab 15.csproj", "{434B36CE-5747-4FF0-A8AC-879517E7564D}"
EndProject
Global
	GlobalSection(SolutionConfigurationPlatforms) = preSolution
		Debug|Any CPU = Debug|Any CPU
		Release|Any CPU = Release|Any CPU
	EndGlobalSection
	GlobalSection(ProjectConfigurationPlatforms) = postSolution
		{434B36CE-5747-4FF0-A8AC-879517E7564D}.Debug|Any CPU.ActiveCfg = Debug|Any CPU
		{434B36CE-5747-4FF0-A8AC-879517E7564D}.Debug|Any CPU.Build.0 = Debug|Any CPU
		{434B36CE-5747-4FF0-A8AC-879517E7564D}.Release|Any CPU.ActiveCfg = Release|Any CPU
		{434B36CE-5747-4FF0-A8AC-879517E7564D}.Release|Any CPU.Build.0 = Release|Any CPU
	EndGlobalSection
	GlobalSection(SolutionProperties) = preSolution
		HideSolutionNode = FALSE
	EndGlobalSection
	GlobalSection(ExtensibilityGlobals) = postSolution
		SolutionGuid = {0194838F-CA2A-47C4-A653-61C615D437F9}
	EndGlobalSection
EndGlobal
